
Microsoft Visual Studio Solution File, Format Version 12.00
# Visual Studio Version 16
VisualStudioVersion = 16.0.30413.136
MinimumVisualStudioVersion = 10.0.40219.1
Project("{FAE04EC0-301F-11D3-BF4B-00C04F79EFBC}") = "server-remote", "server-remote\server-remote.csproj", "{D038532B-99A8-4C76-BC30-71F3AFD9B638}"
EndProject
Global
	GlobalSection(SolutionConfigurationPlatforms) = preSolution
		Debug|Any CPU = Debug|Any CPU
		Release|Any CPU = Release|Any CPU
	EndGlobalSection
	GlobalSection(ProjectConfigurationPlatforms) = postSolution
		{D038532B-99A8-4C76-BC30-71F3AFD9B638}.Debug|Any CPU.ActiveCfg = Debug|Any CPU
		{D038532B-99A8-4C76-BC30-71F3AFD9B638}.Debug|Any CPU.Build.0 = Debug|Any CPU
		{D038532B-99A8-4C76-BC30-71F3AFD9B638}.Release|Any CPU.ActiveCfg = Release|Any CPU
		{D038532B-99A8-4C76-BC30-71F3AFD9B638}.Release|Any CPU.Build.0 = Release|Any CPU
	EndGlobalSection
	GlobalSection(SolutionProperties) = preSolution
		HideSolutionNode = FALSE
	EndGlobalSection
	GlobalSection(ExtensibilityGlobals) = postSolution
		SolutionGuid = {BE2CD486-DFCF-42F4-B218-691E21B53C34}
	EndGlobalSection
EndGlobal
